# THIS IS AN AUTOGENERATED FILE. DO NOT EDIT THIS FILE DIRECTLY.
# yarn lockfile v1


argparse@^1.0.7:
  version "1.0.10"
  resolved "http://registry.npm.taobao.org/argparse/download/argparse-1.0.10.tgz#bcd6791ea5ae09725e17e5ad988134cd40b3d911"
  dependencies:
    sprintf-js "~1.0.2"

builtin-modules@^1.0.0:
  version "1.1.1"
  resolved "http://registry.npm.taobao.org/builtin-modules/download/builtin-modules-1.1.1.tgz#270f076c5a72c02f5b65a47df94c5fe3a278892f"

ci-info@^1.0.0:
  version "1.1.3"
  resolved "http://registry.npm.taobao.org/ci-info/download/ci-info-1.1.3.tgz#710193264bb05c77b8c90d02f5aaf22216a667b2"

colors@~0.6.0-1:
  version "0.6.2"
  resolved "http://registry.npm.taobao.org/colors/download/colors-0.6.2.tgz#2423fe6678ac0c5dae8852e5d0e5be08c997abcc"

commander@~2.1.0:
  version "2.1.0"
  resolved "http://registry.npm.taobao.org/commander/download/commander-2.1.0.tgz#d121bbae860d9992a3d517ba96f56588e47c6781"

conventional-commit-types@^2.0.0:
  version "2.2.0"
  resolved "http://registry.npm.taobao.org/conventional-commit-types/download/conventional-commit-types-2.2.0.tgz#5db95739d6c212acbe7b6f656a11b940baa68946"

cosmiconfig@^5.0.2:
  version "5.0.5"
  resolved "http://registry.npm.taobao.org/cosmiconfig/download/cosmiconfig-5.0.5.tgz#a809e3c2306891ce17ab70359dc8bdf661fe2cd0"
  dependencies:
    is-directory "^0.3.1"
    js-yaml "^3.9.0"
    parse-json "^4.0.0"

cross-spawn@^5.0.1:
  version "5.1.0"
  resolved "http://registry.npm.taobao.org/cross-spawn/download/cross-spawn-5.1.0.tgz#e8bd0efee58fcff6f8f94510a0a554bbfa235449"
  dependencies:
    lru-cache "^4.0.1"
    shebang-command "^1.2.0"
    which "^1.2.9"

error-ex@^1.3.1:
  version "1.3.1"
  resolved "http://registry.npm.taobao.org/error-ex/download/error-ex-1.3.1.tgz#f855a86ce61adc4e8621c3cda21e7a7612c3a8dc"
  dependencies:
    is-arrayish "^0.2.1"

esprima@^4.0.0:
  version "4.0.0"
  resolved "http://registry.npm.taobao.org/esprima/download/esprima-4.0.0.tgz#4499eddcd1110e0b218bacf2fa7f7f59f55ca804"

execa@^0.9.0:
  version "0.9.0"
  resolved "http://registry.npm.taobao.org/execa/download/execa-0.9.0.tgz#adb7ce62cf985071f60580deb4a88b9e34712d01"
  dependencies:
    cross-spawn "^5.0.1"
    get-stream "^3.0.0"
    is-stream "^1.1.0"
    npm-run-path "^2.0.0"
    p-finally "^1.0.0"
    signal-exit "^3.0.0"
    strip-eof "^1.0.0"

find-parent-dir@^0.3.0:
  version "0.3.0"
  resolved "http://registry.npm.taobao.org/find-parent-dir/download/find-parent-dir-0.3.0.tgz#33c44b429ab2b2f0646299c5f9f718f376ff8d54"

find-up@^2.1.0:
  version "2.1.0"
  resolved "http://registry.npm.taobao.org/find-up/download/find-up-2.1.0.tgz#45d1b7e506c717ddd482775a2b77920a3c0c57a7"
  dependencies:
    locate-path "^2.0.0"

findup@0.1.5:
  version "0.1.5"
  resolved "http://registry.npm.taobao.org/findup/download/findup-0.1.5.tgz#8ad929a3393bac627957a7e5de4623b06b0e2ceb"
  dependencies:
    colors "~0.6.0-1"
    commander "~2.1.0"

get-stdin@^6.0.0:
  version "6.0.0"
  resolved "http://registry.npm.taobao.org/get-stdin/download/get-stdin-6.0.0.tgz#9e09bf712b360ab9225e812048f71fde9c89657b"

get-stream@^3.0.0:
  version "3.0.0"
  resolved "http://registry.npm.taobao.org/get-stream/download/get-stream-3.0.0.tgz#8e943d1358dc37555054ecbe2edb05aa174ede14"

graceful-fs@^4.1.2:
  version "4.1.11"
  resolved "http://registry.npm.taobao.org/graceful-fs/download/graceful-fs-4.1.11.tgz#0e8bdfe4d1ddb8854d64e04ea7c00e2a026e5658"

hosted-git-info@^2.1.4:
  version "2.6.0"
  resolved "http://registry.npm.taobao.org/hosted-git-info/download/hosted-git-info-2.6.0.tgz#23235b29ab230c576aab0d4f13fc046b0b038222"

husky@^1.0.0-rc.8:
  version "1.0.0-rc.8"
  resolved "http://registry.npm.taobao.org/husky/download/husky-1.0.0-rc.8.tgz#2fa25d0b89269f5b8bfa1ca001370fdb058e8792"
  dependencies:
    cosmiconfig "^5.0.2"
    execa "^0.9.0"
    find-up "^2.1.0"
    get-stdin "^6.0.0"
    is-ci "^1.1.0"
    pkg-dir "^2.0.0"
    pupa "^1.0.0"
    read-pkg "^3.0.0"
    run-node "^1.0.0"
    slash "^2.0.0"

is-arrayish@^0.2.1:
  version "0.2.1"
  resolved "http://registry.npm.taobao.org/is-arrayish/download/is-arrayish-0.2.1.tgz#77c99840527aa8ecb1a8ba697b80645a7a926a9d"

is-builtin-module@^1.0.0:
  version "1.0.0"
  resolved "http://registry.npm.taobao.org/is-builtin-module/download/is-builtin-module-1.0.0.tgz#540572d34f7ac3119f8f76c30cbc1b1e037affbe"
  dependencies:
    builtin-modules "^1.0.0"

is-ci@^1.1.0:
  version "1.1.0"
  resolved "http://registry.npm.taobao.org/is-ci/download/is-ci-1.1.0.tgz#247e4162e7860cebbdaf30b774d6b0ac7dcfe7a5"
  dependencies:
    ci-info "^1.0.0"

is-directory@^0.3.1:
  version "0.3.1"
  resolved "http://registry.npm.taobao.org/is-directory/download/is-directory-0.3.1.tgz#61339b6f2475fc772fd9c9d83f5c8575dc154ae1"

is-stream@^1.1.0:
  version "1.1.0"
  resolved "http://registry.npm.taobao.org/is-stream/download/is-stream-1.1.0.tgz#12d4a3dd4e68e0b79ceb8dbc84173ae80d91ca44"

isexe@^2.0.0:
  version "2.0.0"
  resolved "http://registry.npm.taobao.org/isexe/download/isexe-2.0.0.tgz#e8fbf374dc556ff8947a10dcb0572d633f2cfa10"

js-yaml@^3.9.0:
  version "3.12.0"
  resolved "http://registry.npm.taobao.org/js-yaml/download/js-yaml-3.12.0.tgz#eaed656ec8344f10f527c6bfa1b6e2244de167d1"
  dependencies:
    argparse "^1.0.7"
    esprima "^4.0.0"

json-parse-better-errors@^1.0.1:
  version "1.0.2"
  resolved "http://registry.npm.taobao.org/json-parse-better-errors/download/json-parse-better-errors-1.0.2.tgz#bb867cfb3450e69107c131d1c514bab3dc8bcaa9"

load-json-file@^4.0.0:
  version "4.0.0"
  resolved "http://registry.npm.taobao.org/load-json-file/download/load-json-file-4.0.0.tgz#2f5f45ab91e33216234fd53adab668eb4ec0993b"
  dependencies:
    graceful-fs "^4.1.2"
    parse-json "^4.0.0"
    pify "^3.0.0"
    strip-bom "^3.0.0"

locate-path@^2.0.0:
  version "2.0.0"
  resolved "http://registry.npm.taobao.org/locate-path/download/locate-path-2.0.0.tgz#2b568b265eec944c6d9c0de9c3dbbbca0354cd8e"
  dependencies:
    p-locate "^2.0.0"
    path-exists "^3.0.0"

lru-cache@^4.0.1:
  version "4.1.3"
  resolved "http://registry.npm.taobao.org/lru-cache/download/lru-cache-4.1.3.tgz#a1175cf3496dfc8436c156c334b4955992bce69c"
  dependencies:
    pseudomap "^1.0.2"
    yallist "^2.1.2"

normalize-package-data@^2.3.2:
  version "2.4.0"
  resolved "http://registry.npm.taobao.org/normalize-package-data/download/normalize-package-data-2.4.0.tgz#12f95a307d58352075a04907b84ac8be98ac012f"
  dependencies:
    hosted-git-info "^2.1.4"
    is-builtin-module "^1.0.0"
    semver "2 || 3 || 4 || 5"
    validate-npm-package-license "^3.0.1"

npm-run-path@^2.0.0:
  version "2.0.2"
  resolved "http://registry.npm.taobao.org/npm-run-path/download/npm-run-path-2.0.2.tgz#35a9232dfa35d7067b4cb2ddf2357b1871536c5f"
  dependencies:
    path-key "^2.0.0"

p-finally@^1.0.0:
  version "1.0.0"
  resolved "http://registry.npm.taobao.org/p-finally/download/p-finally-1.0.0.tgz#3fbcfb15b899a44123b34b6dcc18b724336a2cae"

p-limit@^1.1.0:
  version "1.3.0"
  resolved "http://registry.npm.taobao.org/p-limit/download/p-limit-1.3.0.tgz#b86bd5f0c25690911c7590fcbfc2010d54b3ccb8"
  dependencies:
    p-try "^1.0.0"

p-locate@^2.0.0:
  version "2.0.0"
  resolved "http://registry.npm.taobao.org/p-locate/download/p-locate-2.0.0.tgz#20a0103b222a70c8fd39cc2e580680f3dde5ec43"
  dependencies:
    p-limit "^1.1.0"

p-try@^1.0.0:
  version "1.0.0"
  resolved "http://registry.npm.taobao.org/p-try/download/p-try-1.0.0.tgz#cbc79cdbaf8fd4228e13f621f2b1a237c1b207b3"

parse-json@^4.0.0:
  version "4.0.0"
  resolved "http://registry.npm.taobao.org/parse-json/download/parse-json-4.0.0.tgz#be35f5425be1f7f6c747184f98a788cb99477ee0"
  dependencies:
    error-ex "^1.3.1"
    json-parse-better-errors "^1.0.1"

path-exists@^3.0.0:
  version "3.0.0"
  resolved "http://registry.npm.taobao.org/path-exists/download/path-exists-3.0.0.tgz#ce0ebeaa5f78cb18925ea7d810d7b59b010fd515"

path-key@^2.0.0:
  version "2.0.1"
  resolved "http://registry.npm.taobao.org/path-key/download/path-key-2.0.1.tgz#411cadb574c5a140d3a4b1910d40d80cc9f40b40"

path-type@^3.0.0:
  version "3.0.0"
  resolved "http://registry.npm.taobao.org/path-type/download/path-type-3.0.0.tgz#cef31dc8e0a1a3bb0d105c0cd97cf3bf47f4e36f"
  dependencies:
    pify "^3.0.0"

pify@^3.0.0:
  version "3.0.0"
  resolved "http://registry.npm.taobao.org/pify/download/pify-3.0.0.tgz#e5a4acd2c101fdf3d9a4d07f0dbc4db49dd28176"

pkg-dir@^2.0.0:
  version "2.0.0"
  resolved "http://registry.npm.taobao.org/pkg-dir/download/pkg-dir-2.0.0.tgz#f6d5d1109e19d63edf428e0bd57e12777615334b"
  dependencies:
    find-up "^2.1.0"

prettier@^1.12.1:
  version "1.12.1"
  resolved "http://registry.npm.taobao.org/prettier/download/prettier-1.12.1.tgz#c1ad20e803e7749faf905a409d2367e06bbe7325"

pseudomap@^1.0.2:
  version "1.0.2"
  resolved "http://registry.npm.taobao.org/pseudomap/download/pseudomap-1.0.2.tgz#f052a28da70e618917ef0a8ac34c1ae5a68286b3"

pupa@^1.0.0:
  version "1.0.0"
  resolved "http://registry.npm.taobao.org/pupa/download/pupa-1.0.0.tgz#9a9568a5af7e657b8462a6e9d5328743560ceff6"

read-pkg@^3.0.0:
  version "3.0.0"
  resolved "http://registry.npm.taobao.org/read-pkg/download/read-pkg-3.0.0.tgz#9cbc686978fee65d16c00e2b19c237fcf6e38389"
  dependencies:
    load-json-file "^4.0.0"
    normalize-package-data "^2.3.2"
    path-type "^3.0.0"

run-node@^1.0.0:
  version "1.0.0"
  resolved "http://registry.npm.taobao.org/run-node/download/run-node-1.0.0.tgz#46b50b946a2aa2d4947ae1d886e9856fd9cabe5e"

semver-regex@1.0.0:
  version "1.0.0"
  resolved "http://registry.npm.taobao.org/semver-regex/download/semver-regex-1.0.0.tgz#92a4969065f9c70c694753d55248fc68f8f652c9"

"semver@2 || 3 || 4 || 5":
  version "5.5.0"
  resolved "http://registry.npm.taobao.org/semver/download/semver-5.5.0.tgz#dc4bbc7a6ca9d916dee5d43516f0092b58f7b8ab"

shebang-command@^1.2.0:
  version "1.2.0"
  resolved "http://registry.npm.taobao.org/shebang-command/download/shebang-command-1.2.0.tgz#44aac65b695b03398968c39f363fee5deafdf1ea"
  dependencies:
    shebang-regex "^1.0.0"

shebang-regex@^1.0.0:
  version "1.0.0"
  resolved "http://registry.npm.taobao.org/shebang-regex/download/shebang-regex-1.0.0.tgz#da42f49740c0b42db2ca9728571cb190c98efea3"

signal-exit@^3.0.0:
  version "3.0.2"
  resolved "http://registry.npm.taobao.org/signal-exit/download/signal-exit-3.0.2.tgz#b5fdc08f1287ea1178628e415e25132b73646c6d"

slash@^2.0.0:
  version "2.0.0"
  resolved "http://registry.npm.taobao.org/slash/download/slash-2.0.0.tgz#de552851a1759df3a8f206535442f5ec4ddeab44"

spdx-correct@^3.0.0:
  version "3.0.0"
  resolved "http://registry.npm.taobao.org/spdx-correct/download/spdx-correct-3.0.0.tgz#05a5b4d7153a195bc92c3c425b69f3b2a9524c82"
  dependencies:
    spdx-expression-parse "^3.0.0"
    spdx-license-ids "^3.0.0"

spdx-exceptions@^2.1.0:
  version "2.1.0"
  resolved "http://registry.npm.taobao.org/spdx-exceptions/download/spdx-exceptions-2.1.0.tgz#2c7ae61056c714a5b9b9b2b2af7d311ef5c78fe9"

spdx-expression-parse@^3.0.0:
  version "3.0.0"
  resolved "http://registry.npm.taobao.org/spdx-expression-parse/download/spdx-expression-parse-3.0.0.tgz#99e119b7a5da00e05491c9fa338b7904823b41d0"
  dependencies:
    spdx-exceptions "^2.1.0"
    spdx-license-ids "^3.0.0"

spdx-license-ids@^3.0.0:
  version "3.0.0"
  resolved "http://registry.npm.taobao.org/spdx-license-ids/download/spdx-license-ids-3.0.0.tgz#7a7cd28470cc6d3a1cfe6d66886f6bc430d3ac87"

sprintf-js@~1.0.2:
  version "1.0.3"
  resolved "http://registry.npm.taobao.org/sprintf-js/download/sprintf-js-1.0.3.tgz#04e6926f662895354f3dd015203633b857297e2c"

strip-bom@^3.0.0:
  version "3.0.0"
  resolved "http://registry.npm.taobao.org/strip-bom/download/strip-bom-3.0.0.tgz#2334c18e9c759f7bdd56fdef7e9ae3d588e68ed3"

strip-eof@^1.0.0:
  version "1.0.0"
  resolved "http://registry.npm.taobao.org/strip-eof/download/strip-eof-1.0.0.tgz#bb43ff5598a6eb05d89b59fcd129c983313606bf"

validate-commit-msg@^2.14.0:
  version "2.14.0"
  resolved "http://registry.npm.taobao.org/validate-commit-msg/download/validate-commit-msg-2.14.0.tgz#e5383691012cbb270dcc0bc2a4effebe14890eac"
  dependencies:
    conventional-commit-types "^2.0.0"
    find-parent-dir "^0.3.0"
    findup "0.1.5"
    semver-regex "1.0.0"

validate-npm-package-license@^3.0.1:
  version "3.0.3"
  resolved "http://registry.npm.taobao.org/validate-npm-package-license/download/validate-npm-package-license-3.0.3.tgz#81643bcbef1bdfecd4623793dc4648948ba98338"
  dependencies:
    spdx-correct "^3.0.0"
    spdx-expression-parse "^3.0.0"

which@^1.2.9:
  version "1.3.1"
  resolved "http://registry.npm.taobao.org/which/download/which-1.3.1.tgz#a45043d54f5805316da8d62f9f50918d3da70b0a"
  dependencies:
    isexe "^2.0.0"

yallist@^2.1.2:
  version "2.1.2"
  resolved "http://registry.npm.taobao.org/yallist/download/yallist-2.1.2.tgz#1c11f9218f076089a47dd512f93c6699a6a81d52"
